
Microsoft Visual Studio Solution File, Format Version 12.00
# Visual Studio Version 17
VisualStudioVersion = 17.12.35707.178
MinimumVisualStudioVersion = 10.0.40219.1
Project("{FAE04EC0-301F-11D3-BF4B-00C04F79EFBC}") = "Solutions.OOP", "Solutions.OOP\Solutions.OOP.csproj", "{C1A010CF-9A27-4316-AA11-59FFA30FD52D}"
EndProject
Project("{FAE04EC0-301F-11D3-BF4B-00C04F79EFBC}") = "Solutions.SOLID", "Solutions.SOLID\Solutions.SOLID.csproj", "{7F0CFC37-75E2-4450-9A66-36F1FBF7063B}"
EndProject
Global
	GlobalSection(SolutionConfigurationPlatforms) = preSolution
		Debug|Any CPU = Debug|Any CPU
		Release|Any CPU = Release|Any CPU
	EndGlobalSection
	GlobalSection(ProjectConfigurationPlatforms) = postSolution
		{C1A010CF-9A27-4316-AA11-59FFA30FD52D}.Debug|Any CPU.ActiveCfg = Debug|Any CPU
		{C1A010CF-9A27-4316-AA11-59FFA30FD52D}.Debug|Any CPU.Build.0 = Debug|Any CPU
		{C1A010CF-9A27-4316-AA11-59FFA30FD52D}.Release|Any CPU.ActiveCfg = Release|Any CPU
		{C1A010CF-9A27-4316-AA11-59FFA30FD52D}.Release|Any CPU.Build.0 = Release|Any CPU
		{7F0CFC37-75E2-4450-9A66-36F1FBF7063B}.Debug|Any CPU.ActiveCfg = Debug|Any CPU
		{7F0CFC37-75E2-4450-9A66-36F1FBF7063B}.Debug|Any CPU.Build.0 = Debug|Any CPU
		{7F0CFC37-75E2-4450-9A66-36F1FBF7063B}.Release|Any CPU.ActiveCfg = Release|Any CPU
		{7F0CFC37-75E2-4450-9A66-36F1FBF7063B}.Release|Any CPU.Build.0 = Release|Any CPU
	EndGlobalSection
	GlobalSection(SolutionProperties) = preSolution
		HideSolutionNode = FALSE
	EndGlobalSection
EndGlobal
